
Microsoft Visual Studio Solution File, Format Version 12.00
# Visual Studio Version 16
VisualStudioVersion = 16.0.31829.152
MinimumVisualStudioVersion = 10.0.40219.1
Project("{9A19103F-16F7-4668-BE54-9A1E7A4F7556}") = "ExtentReportCSharp", "ExtentReportCSharp\ExtentReportCSharp.csproj", "{799A773E-3B0F-46D3-8BE3-36174BB34DCB}"
EndProject
Project("{FAE04EC0-301F-11D3-BF4B-00C04F79EFBC}") = "ReportPortalCSharp2", "ReportPortalCSharp2\ReportPortalCSharp2.csproj", "{63FAA703-7E4D-4769-9ABC-9054FFAF26BA}"
EndProject
Global
	GlobalSection(SolutionConfigurationPlatforms) = preSolution
		Debug|Any CPU = Debug|Any CPU
		Release|Any CPU = Release|Any CPU
	EndGlobalSection
	GlobalSection(ProjectConfigurationPlatforms) = postSolution
		{799A773E-3B0F-46D3-8BE3-36174BB34DCB}.Debug|Any CPU.ActiveCfg = Debug|Any CPU
		{799A773E-3B0F-46D3-8BE3-36174BB34DCB}.Debug|Any CPU.Build.0 = Debug|Any CPU
		{799A773E-3B0F-46D3-8BE3-36174BB34DCB}.Release|Any CPU.ActiveCfg = Release|Any CPU
		{799A773E-3B0F-46D3-8BE3-36174BB34DCB}.Release|Any CPU.Build.0 = Release|Any CPU
		{63FAA703-7E4D-4769-9ABC-9054FFAF26BA}.Debug|Any CPU.ActiveCfg = Debug|Any CPU
		{63FAA703-7E4D-4769-9ABC-9054FFAF26BA}.Debug|Any CPU.Build.0 = Debug|Any CPU
		{63FAA703-7E4D-4769-9ABC-9054FFAF26BA}.Release|Any CPU.ActiveCfg = Release|Any CPU
		{63FAA703-7E4D-4769-9ABC-9054FFAF26BA}.Release|Any CPU.Build.0 = Release|Any CPU
	EndGlobalSection
	GlobalSection(SolutionProperties) = preSolution
		HideSolutionNode = FALSE
	EndGlobalSection
	GlobalSection(ExtensibilityGlobals) = postSolution
		SolutionGuid = {023BBF74-1709-45D2-B109-DB5769B93947}
	EndGlobalSection
EndGlobal
